{
  "name": "migration-cli",
  "lockfileVersion": 3,
  "requires": true,
  "packages": {
    "": {
      "dependencies": {
        "baitin-migration-cli": "file:../.."
      }
    },
    "../..": {
      "name": "baitin-migration-cli",
      "version": "1.0.0",
      "license": "UNLICENSED",
      "dependencies": {
        "chalk": "^5.3.0",
        "commander": "^11.1.0",
        "csv-parse": "^5.5.0",
        "iconv-lite": "^0.6.3",
        "node-dbf": "^0.9.6",
        "pg": "^8.11.3",
        "winston": "^3.11.0"
      },
      "bin": {
        "baitin-migration": "dist/main.js"
      },
      "devDependencies": {
        "@types/iconv-lite": "^0.0.1",
        "@types/node": "^20.9.5",
        "@types/pg": "^8.10.9",
        "@types/winston": "^2.4.4",
        "ts-node": "^10.9.1",
        "tsx": "^4.7.0",
        "typescript": "^5.2.2"
      }
    },
    "node_modules/baitin-migration-cli": {
      "resolved": "../..",
      "link": true
    }
  }
}
